
Microsoft Visual Studio Solution File, Format Version 12.00
# Visual Studio 15
Project("{FAE04EC0-301F-11D3-BF4B-00C04F79EFBC}") = "koloapp.Android", "koloapp.Android\koloapp.Android.csproj", "{2375D05E-3F45-486B-B2E0-B186F5C00C22}"
EndProject
Project("{FAE04EC0-301F-11D3-BF4B-00C04F79EFBC}") = "koloapp.iOS", "koloapp.iOS\koloapp.iOS.csproj", "{4FBB69CC-144F-451F-9665-93378B19D91F}"
EndProject
Project("{FAE04EC0-301F-11D3-BF4B-00C04F79EFBC}") = "koloapp", "koloapp\koloapp.csproj", "{98BDA6D4-1408-42D1-B9D6-A4806068A6D4}"
EndProject
Global
	GlobalSection(SolutionConfigurationPlatforms) = preSolution
		Debug|Any CPU = Debug|Any CPU
		Release|Any CPU = Release|Any CPU
		Debug|iPhoneSimulator = Debug|iPhoneSimulator
		Release|iPhoneSimulator = Release|iPhoneSimulator
		Debug|iPhone = Debug|iPhone
		Release|iPhone = Release|iPhone
	EndGlobalSection
	GlobalSection(ProjectConfigurationPlatforms) = postSolution
		{2375D05E-3F45-486B-B2E0-B186F5C00C22}.Debug|Any CPU.ActiveCfg = Debug|Any CPU
		{2375D05E-3F45-486B-B2E0-B186F5C00C22}.Debug|Any CPU.Build.0 = Debug|Any CPU
		{2375D05E-3F45-486B-B2E0-B186F5C00C22}.Release|Any CPU.ActiveCfg = Release|Any CPU
		{2375D05E-3F45-486B-B2E0-B186F5C00C22}.Release|Any CPU.Build.0 = Release|Any CPU
		{2375D05E-3F45-486B-B2E0-B186F5C00C22}.Debug|iPhoneSimulator.ActiveCfg = Debug|Any CPU
		{2375D05E-3F45-486B-B2E0-B186F5C00C22}.Debug|iPhoneSimulator.Build.0 = Debug|Any CPU
		{2375D05E-3F45-486B-B2E0-B186F5C00C22}.Release|iPhoneSimulator.ActiveCfg = Release|Any CPU
		{2375D05E-3F45-486B-B2E0-B186F5C00C22}.Release|iPhoneSimulator.Build.0 = Release|Any CPU
		{2375D05E-3F45-486B-B2E0-B186F5C00C22}.Debug|iPhone.ActiveCfg = Debug|Any CPU
		{2375D05E-3F45-486B-B2E0-B186F5C00C22}.Debug|iPhone.Build.0 = Debug|Any CPU
		{2375D05E-3F45-486B-B2E0-B186F5C00C22}.Release|iPhone.ActiveCfg = Release|Any CPU
		{2375D05E-3F45-486B-B2E0-B186F5C00C22}.Release|iPhone.Build.0 = Release|Any CPU
		{4FBB69CC-144F-451F-9665-93378B19D91F}.Debug|Any CPU.ActiveCfg = Debug|iPhoneSimulator
		{4FBB69CC-144F-451F-9665-93378B19D91F}.Debug|Any CPU.Build.0 = Debug|iPhoneSimulator
		{4FBB69CC-144F-451F-9665-93378B19D91F}.Release|Any CPU.ActiveCfg = Release|iPhoneSimulator
		{4FBB69CC-144F-451F-9665-93378B19D91F}.Release|Any CPU.Build.0 = Release|iPhoneSimulator
		{4FBB69CC-144F-451F-9665-93378B19D91F}.Debug|iPhoneSimulator.ActiveCfg = Debug|iPhoneSimulator
		{4FBB69CC-144F-451F-9665-93378B19D91F}.Debug|iPhoneSimulator.Build.0 = Debug|iPhoneSimulator
		{4FBB69CC-144F-451F-9665-93378B19D91F}.Release|iPhoneSimulator.ActiveCfg = Release|iPhoneSimulator
		{4FBB69CC-144F-451F-9665-93378B19D91F}.Release|iPhoneSimulator.Build.0 = Release|iPhoneSimulator
		{4FBB69CC-144F-451F-9665-93378B19D91F}.Debug|iPhone.ActiveCfg = Debug|iPhone
		{4FBB69CC-144F-451F-9665-93378B19D91F}.Debug|iPhone.Build.0 = Debug|iPhone
		{4FBB69CC-144F-451F-9665-93378B19D91F}.Release|iPhone.ActiveCfg = Release|iPhone
		{4FBB69CC-144F-451F-9665-93378B19D91F}.Release|iPhone.Build.0 = Release|iPhone
		{98BDA6D4-1408-42D1-B9D6-A4806068A6D4}.Debug|Any CPU.ActiveCfg = Debug|Any CPU
		{98BDA6D4-1408-42D1-B9D6-A4806068A6D4}.Debug|Any CPU.Build.0 = Debug|Any CPU
		{98BDA6D4-1408-42D1-B9D6-A4806068A6D4}.Release|Any CPU.ActiveCfg = Release|Any CPU
		{98BDA6D4-1408-42D1-B9D6-A4806068A6D4}.Release|Any CPU.Build.0 = Release|Any CPU
		{98BDA6D4-1408-42D1-B9D6-A4806068A6D4}.Debug|iPhoneSimulator.ActiveCfg = Debug|Any CPU
		{98BDA6D4-1408-42D1-B9D6-A4806068A6D4}.Debug|iPhoneSimulator.Build.0 = Debug|Any CPU
		{98BDA6D4-1408-42D1-B9D6-A4806068A6D4}.Release|iPhoneSimulator.ActiveCfg = Release|Any CPU
		{98BDA6D4-1408-42D1-B9D6-A4806068A6D4}.Release|iPhoneSimulator.Build.0 = Release|Any CPU
		{98BDA6D4-1408-42D1-B9D6-A4806068A6D4}.Debug|iPhone.ActiveCfg = Debug|Any CPU
		{98BDA6D4-1408-42D1-B9D6-A4806068A6D4}.Debug|iPhone.Build.0 = Debug|Any CPU
		{98BDA6D4-1408-42D1-B9D6-A4806068A6D4}.Release|iPhone.ActiveCfg = Release|Any CPU
		{98BDA6D4-1408-42D1-B9D6-A4806068A6D4}.Release|iPhone.Build.0 = Release|Any CPU
	EndGlobalSection
EndGlobal
